
Microsoft Visual Studio Solution File, Format Version 12.00
# Visual Studio Version 16
VisualStudioVersion = 16.0.30611.23
MinimumVisualStudioVersion = 10.0.40219.1
Project("{FAE04EC0-301F-11D3-BF4B-00C04F79EFBC}") = "Isracart", "Isracart.csproj", "{09279926-E962-4BD3-9D08-E283A2AAF35E}"
EndProject
Global
	GlobalSection(SolutionConfigurationPlatforms) = preSolution
		Debug|Any CPU = Debug|Any CPU
		Release|Any CPU = Release|Any CPU
	EndGlobalSection
	GlobalSection(ProjectConfigurationPlatforms) = postSolution
		{09279926-E962-4BD3-9D08-E283A2AAF35E}.Debug|Any CPU.ActiveCfg = Debug|Any CPU
		{09279926-E962-4BD3-9D08-E283A2AAF35E}.Debug|Any CPU.Build.0 = Debug|Any CPU
		{09279926-E962-4BD3-9D08-E283A2AAF35E}.Release|Any CPU.ActiveCfg = Release|Any CPU
		{09279926-E962-4BD3-9D08-E283A2AAF35E}.Release|Any CPU.Build.0 = Release|Any CPU
	EndGlobalSection
	GlobalSection(SolutionProperties) = preSolution
		HideSolutionNode = FALSE
	EndGlobalSection
	GlobalSection(ExtensibilityGlobals) = postSolution
		SolutionGuid = {DBE15197-9FA5-4D25-8DDD-EF5ACB11252B}
	EndGlobalSection
EndGlobal
